Microsoft Visual Studio Solution File, Format Version 11.00
# Visual Studio 2010
Project("{8BC9CEB8-8B4A-11D0-8D11-00A0C91BC942}") = "ALL_BUILD", "ALL_BUILD.vcxproj", "{57D0C9FC-AD97-4439-B984-9A614E60DC6D}"
	ProjectSection(ProjectDependencies) = postProject
		{D9E4CE08-25FB-40C2-9869-B65D053ECF03} = {D9E4CE08-25FB-40C2-9869-B65D053ECF03}
		{DBA97AF6-4932-4658-8EE6-137715083472} = {DBA97AF6-4932-4658-8EE6-137715083472}
		{694D14E8-27AF-4C78-9E90-79C786CCD89F} = {694D14E8-27AF-4C78-9E90-79C786CCD89F}
		{093647A2-E6B2-4FF2-AD43-2BEFD06F0D5A} = {093647A2-E6B2-4FF2-AD43-2BEFD06F0D5A}
		{33F0F196-9D9D-4F34-93B7-586E525BBE91} = {33F0F196-9D9D-4F34-93B7-586E525BBE91}
		{852A5EA2-C29C-4908-9D21-5C8A5636236D} = {852A5EA2-C29C-4908-9D21-5C8A5636236D}
		{B92F8BAB-9B24-4A9B-8869-AD0E36F00388} = {B92F8BAB-9B24-4A9B-8869-AD0E36F00388}
		{F5162E15-DADF-4D02-B836-B3403EDB5BBF} = {F5162E15-DADF-4D02-B836-B3403EDB5BBF}
		{4EECB23D-B083-41E9-8021-C778EC9C5089} = {4EECB23D-B083-41E9-8021-C778EC9C5089}
		{1FE2877E-1EAA-4F20-9A27-DE56D087BA15} = {1FE2877E-1EAA-4F20-9A27-DE56D087BA15}
		{D9386477-D6A8-4BF6-90C2-8C24F360AB0F} = {D9386477-D6A8-4BF6-90C2-8C24F360AB0F}
		{EEA98B0D-D0F5-4ACA-B6F9-09841F64CE01} = {EEA98B0D-D0F5-4ACA-B6F9-09841F64CE01}
	EndProjectSection
EndProject
Project("{8BC9CEB8-8B4A-11D0-8D11-00A0C91BC942}") = "INSTALL", "INSTALL.vcxproj", "{F64506FC-8D80-47BB-94CE-132BC60DE607}"
	ProjectSection(ProjectDependencies) = postProject
		{57D0C9FC-AD97-4439-B984-9A614E60DC6D} = {57D0C9FC-AD97-4439-B984-9A614E60DC6D}
	EndProjectSection
EndProject
Project("{8BC9CEB8-8B4A-11D0-8D11-00A0C91BC942}") = "ZERO_CHECK", "ZERO_CHECK.vcxproj", "{D9E4CE08-25FB-40C2-9869-B65D053ECF03}"
	ProjectSection(ProjectDependencies) = postProject
	EndProjectSection
EndProject
Project("{8BC9CEB8-8B4A-11D0-8D11-00A0C91BC942}") = "amqp_bind", "examples\amqp_bind.vcxproj", "{DBA97AF6-4932-4658-8EE6-137715083472}"
	ProjectSection(ProjectDependencies) = postProject
		{D9E4CE08-25FB-40C2-9869-B65D053ECF03} = {D9E4CE08-25FB-40C2-9869-B65D053ECF03}
		{EEA98B0D-D0F5-4ACA-B6F9-09841F64CE01} = {EEA98B0D-D0F5-4ACA-B6F9-09841F64CE01}
	EndProjectSection
EndProject
Project("{8BC9CEB8-8B4A-11D0-8D11-00A0C91BC942}") = "amqp_connect_timeout", "examples\amqp_connect_timeout.vcxproj", "{694D14E8-27AF-4C78-9E90-79C786CCD89F}"
	ProjectSection(ProjectDependencies) = postProject
		{D9E4CE08-25FB-40C2-9869-B65D053ECF03} = {D9E4CE08-25FB-40C2-9869-B65D053ECF03}
		{EEA98B0D-D0F5-4ACA-B6F9-09841F64CE01} = {EEA98B0D-D0F5-4ACA-B6F9-09841F64CE01}
	EndProjectSection
EndProject
Project("{8BC9CEB8-8B4A-11D0-8D11-00A0C91BC942}") = "amqp_consumer", "examples\amqp_consumer.vcxproj", "{093647A2-E6B2-4FF2-AD43-2BEFD06F0D5A}"
	ProjectSection(ProjectDependencies) = postProject
		{D9E4CE08-25FB-40C2-9869-B65D053ECF03} = {D9E4CE08-25FB-40C2-9869-B65D053ECF03}
		{EEA98B0D-D0F5-4ACA-B6F9-09841F64CE01} = {EEA98B0D-D0F5-4ACA-B6F9-09841F64CE01}
	EndProjectSection
EndProject
Project("{8BC9CEB8-8B4A-11D0-8D11-00A0C91BC942}") = "amqp_exchange_declare", "examples\amqp_exchange_declare.vcxproj", "{33F0F196-9D9D-4F34-93B7-586E525BBE91}"
	ProjectSection(ProjectDependencies) = postProject
		{D9E4CE08-25FB-40C2-9869-B65D053ECF03} = {D9E4CE08-25FB-40C2-9869-B65D053ECF03}
		{EEA98B0D-D0F5-4ACA-B6F9-09841F64CE01} = {EEA98B0D-D0F5-4ACA-B6F9-09841F64CE01}
	EndProjectSection
EndProject
Project("{8BC9CEB8-8B4A-11D0-8D11-00A0C91BC942}") = "amqp_listen", "examples\amqp_listen.vcxproj", "{852A5EA2-C29C-4908-9D21-5C8A5636236D}"
	ProjectSection(ProjectDependencies) = postProject
		{D9E4CE08-25FB-40C2-9869-B65D053ECF03} = {D9E4CE08-25FB-40C2-9869-B65D053ECF03}
		{EEA98B0D-D0F5-4ACA-B6F9-09841F64CE01} = {EEA98B0D-D0F5-4ACA-B6F9-09841F64CE01}
	EndProjectSection
EndProject
Project("{8BC9CEB8-8B4A-11D0-8D11-00A0C91BC942}") = "amqp_listenq", "examples\amqp_listenq.vcxproj", "{B92F8BAB-9B24-4A9B-8869-AD0E36F00388}"
	ProjectSection(ProjectDependencies) = postProject
		{D9E4CE08-25FB-40C2-9869-B65D053ECF03} = {D9E4CE08-25FB-40C2-9869-B65D053ECF03}
		{EEA98B0D-D0F5-4ACA-B6F9-09841F64CE01} = {EEA98B0D-D0F5-4ACA-B6F9-09841F64CE01}
	EndProjectSection
EndProject
Project("{8BC9CEB8-8B4A-11D0-8D11-00A0C91BC942}") = "amqp_producer", "examples\amqp_producer.vcxproj", "{F5162E15-DADF-4D02-B836-B3403EDB5BBF}"
	ProjectSection(ProjectDependencies) = postProject
		{D9E4CE08-25FB-40C2-9869-B65D053ECF03} = {D9E4CE08-25FB-40C2-9869-B65D053ECF03}
		{EEA98B0D-D0F5-4ACA-B6F9-09841F64CE01} = {EEA98B0D-D0F5-4ACA-B6F9-09841F64CE01}
	EndProjectSection
EndProject
Project("{8BC9CEB8-8B4A-11D0-8D11-00A0C91BC942}") = "amqp_rpc_sendstring_client", "examples\amqp_rpc_sendstring_client.vcxproj", "{4EECB23D-B083-41E9-8021-C778EC9C5089}"
	ProjectSection(ProjectDependencies) = postProject
		{D9E4CE08-25FB-40C2-9869-B65D053ECF03} = {D9E4CE08-25FB-40C2-9869-B65D053ECF03}
		{EEA98B0D-D0F5-4ACA-B6F9-09841F64CE01} = {EEA98B0D-D0F5-4ACA-B6F9-09841F64CE01}
	EndProjectSection
EndProject
Project("{8BC9CEB8-8B4A-11D0-8D11-00A0C91BC942}") = "amqp_sendstring", "examples\amqp_sendstring.vcxproj", "{1FE2877E-1EAA-4F20-9A27-DE56D087BA15}"
	ProjectSection(ProjectDependencies) = postProject
		{D9E4CE08-25FB-40C2-9869-B65D053ECF03} = {D9E4CE08-25FB-40C2-9869-B65D053ECF03}
		{EEA98B0D-D0F5-4ACA-B6F9-09841F64CE01} = {EEA98B0D-D0F5-4ACA-B6F9-09841F64CE01}
	EndProjectSection
EndProject
Project("{8BC9CEB8-8B4A-11D0-8D11-00A0C91BC942}") = "amqp_unbind", "examples\amqp_unbind.vcxproj", "{D9386477-D6A8-4BF6-90C2-8C24F360AB0F}"
	ProjectSection(ProjectDependencies) = postProject
		{D9E4CE08-25FB-40C2-9869-B65D053ECF03} = {D9E4CE08-25FB-40C2-9869-B65D053ECF03}
		{EEA98B0D-D0F5-4ACA-B6F9-09841F64CE01} = {EEA98B0D-D0F5-4ACA-B6F9-09841F64CE01}
	EndProjectSection
EndProject
Project("{8BC9CEB8-8B4A-11D0-8D11-00A0C91BC942}") = "rabbitmq", "librabbitmq\rabbitmq.vcxproj", "{EEA98B0D-D0F5-4ACA-B6F9-09841F64CE01}"
	ProjectSection(ProjectDependencies) = postProject
		{D9E4CE08-25FB-40C2-9869-B65D053ECF03} = {D9E4CE08-25FB-40C2-9869-B65D053ECF03}
	EndProjectSection
EndProject
Global
	GlobalSection(SolutionConfigurationPlatforms) = preSolution
		Debug|Win32 = Debug|Win32
		Release|Win32 = Release|Win32
		MinSizeRel|Win32 = MinSizeRel|Win32
		RelWithDebInfo|Win32 = RelWithDebInfo|Win32
	EndGlobalSection
	GlobalSection(ProjectConfigurationPlatforms) = postSolution
		{57D0C9FC-AD97-4439-B984-9A614E60DC6D}.Debug|Win32.ActiveCfg = Debug|Win32
		{57D0C9FC-AD97-4439-B984-9A614E60DC6D}.Debug|Win32.Build.0 = Debug|Win32
		{57D0C9FC-AD97-4439-B984-9A614E60DC6D}.Release|Win32.ActiveCfg = Release|Win32
		{57D0C9FC-AD97-4439-B984-9A614E60DC6D}.Release|Win32.Build.0 = Release|Win32
		{57D0C9FC-AD97-4439-B984-9A614E60DC6D}.MinSizeRel|Win32.ActiveCfg = MinSizeRel|Win32
		{57D0C9FC-AD97-4439-B984-9A614E60DC6D}.MinSizeRel|Win32.Build.0 = MinSizeRel|Win32
		{57D0C9FC-AD97-4439-B984-9A614E60DC6D}.RelWithDebInfo|Win32.ActiveCfg = RelWithDebInfo|Win32
		{57D0C9FC-AD97-4439-B984-9A614E60DC6D}.RelWithDebInfo|Win32.Build.0 = RelWithDebInfo|Win32
		{F64506FC-8D80-47BB-94CE-132BC60DE607}.Debug|Win32.ActiveCfg = Debug|Win32
		{F64506FC-8D80-47BB-94CE-132BC60DE607}.Release|Win32.ActiveCfg = Release|Win32
		{F64506FC-8D80-47BB-94CE-132BC60DE607}.MinSizeRel|Win32.ActiveCfg = MinSizeRel|Win32
		{F64506FC-8D80-47BB-94CE-132BC60DE607}.RelWithDebInfo|Win32.ActiveCfg = RelWithDebInfo|Win32
		{D9E4CE08-25FB-40C2-9869-B65D053ECF03}.Debug|Win32.ActiveCfg = Debug|Win32
		{D9E4CE08-25FB-40C2-9869-B65D053ECF03}.Debug|Win32.Build.0 = Debug|Win32
		{D9E4CE08-25FB-40C2-9869-B65D053ECF03}.Release|Win32.ActiveCfg = Release|Win32
		{D9E4CE08-25FB-40C2-9869-B65D053ECF03}.Release|Win32.Build.0 = Release|Win32
		{D9E4CE08-25FB-40C2-9869-B65D053ECF03}.MinSizeRel|Win32.ActiveCfg = MinSizeRel|Win32
		{D9E4CE08-25FB-40C2-9869-B65D053ECF03}.MinSizeRel|Win32.Build.0 = MinSizeRel|Win32
		{D9E4CE08-25FB-40C2-9869-B65D053ECF03}.RelWithDebInfo|Win32.ActiveCfg = RelWithDebInfo|Win32
		{D9E4CE08-25FB-40C2-9869-B65D053ECF03}.RelWithDebInfo|Win32.Build.0 = RelWithDebInfo|Win32
		{DBA97AF6-4932-4658-8EE6-137715083472}.Debug|Win32.ActiveCfg = Debug|Win32
		{DBA97AF6-4932-4658-8EE6-137715083472}.Debug|Win32.Build.0 = Debug|Win32
		{DBA97AF6-4932-4658-8EE6-137715083472}.Release|Win32.ActiveCfg = Release|Win32
		{DBA97AF6-4932-4658-8EE6-137715083472}.Release|Win32.Build.0 = Release|Win32
		{DBA97AF6-4932-4658-8EE6-137715083472}.MinSizeRel|Win32.ActiveCfg = MinSizeRel|Win32
		{DBA97AF6-4932-4658-8EE6-137715083472}.MinSizeRel|Win32.Build.0 = MinSizeRel|Win32
		{DBA97AF6-4932-4658-8EE6-137715083472}.RelWithDebInfo|Win32.ActiveCfg = RelWithDebInfo|Win32
		{DBA97AF6-4932-4658-8EE6-137715083472}.RelWithDebInfo|Win32.Build.0 = RelWithDebInfo|Win32
		{694D14E8-27AF-4C78-9E90-79C786CCD89F}.Debug|Win32.ActiveCfg = Debug|Win32
		{694D14E8-27AF-4C78-9E90-79C786CCD89F}.Debug|Win32.Build.0 = Debug|Win32
		{694D14E8-27AF-4C78-9E90-79C786CCD89F}.Release|Win32.ActiveCfg = Release|Win32
		{694D14E8-27AF-4C78-9E90-79C786CCD89F}.Release|Win32.Build.0 = Release|Win32
		{694D14E8-27AF-4C78-9E90-79C786CCD89F}.MinSizeRel|Win32.ActiveCfg = MinSizeRel|Win32
		{694D14E8-27AF-4C78-9E90-79C786CCD89F}.MinSizeRel|Win32.Build.0 = MinSizeRel|Win32
		{694D14E8-27AF-4C78-9E90-79C786CCD89F}.RelWithDebInfo|Win32.ActiveCfg = RelWithDebInfo|Win32
		{694D14E8-27AF-4C78-9E90-79C786CCD89F}.RelWithDebInfo|Win32.Build.0 = RelWithDebInfo|Win32
		{093647A2-E6B2-4FF2-AD43-2BEFD06F0D5A}.Debug|Win32.ActiveCfg = Debug|Win32
		{093647A2-E6B2-4FF2-AD43-2BEFD06F0D5A}.Debug|Win32.Build.0 = Debug|Win32
		{093647A2-E6B2-4FF2-AD43-2BEFD06F0D5A}.Release|Win32.ActiveCfg = Release|Win32
		{093647A2-E6B2-4FF2-AD43-2BEFD06F0D5A}.Release|Win32.Build.0 = Release|Win32
		{093647A2-E6B2-4FF2-AD43-2BEFD06F0D5A}.MinSizeRel|Win32.ActiveCfg = MinSizeRel|Win32
		{093647A2-E6B2-4FF2-AD43-2BEFD06F0D5A}.MinSizeRel|Win32.Build.0 = MinSizeRel|Win32
		{093647A2-E6B2-4FF2-AD43-2BEFD06F0D5A}.RelWithDebInfo|Win32.ActiveCfg = RelWithDebInfo|Win32
		{093647A2-E6B2-4FF2-AD43-2BEFD06F0D5A}.RelWithDebInfo|Win32.Build.0 = RelWithDebInfo|Win32
		{33F0F196-9D9D-4F34-93B7-586E525BBE91}.Debug|Win32.ActiveCfg = Debug|Win32
		{33F0F196-9D9D-4F34-93B7-586E525BBE91}.Debug|Win32.Build.0 = Debug|Win32
		{33F0F196-9D9D-4F34-93B7-586E525BBE91}.Release|Win32.ActiveCfg = Release|Win32
		{33F0F196-9D9D-4F34-93B7-586E525BBE91}.Release|Win32.Build.0 = Release|Win32
		{33F0F196-9D9D-4F34-93B7-586E525BBE91}.MinSizeRel|Win32.ActiveCfg = MinSizeRel|Win32
		{33F0F196-9D9D-4F34-93B7-586E525BBE91}.MinSizeRel|Win32.Build.0 = MinSizeRel|Win32
		{33F0F196-9D9D-4F34-93B7-586E525BBE91}.RelWithDebInfo|Win32.ActiveCfg = RelWithDebInfo|Win32
		{33F0F196-9D9D-4F34-93B7-586E525BBE91}.RelWithDebInfo|Win32.Build.0 = RelWithDebInfo|Win32
		{852A5EA2-C29C-4908-9D21-5C8A5636236D}.Debug|Win32.ActiveCfg = Debug|Win32
		{852A5EA2-C29C-4908-9D21-5C8A5636236D}.Debug|Win32.Build.0 = Debug|Win32
		{852A5EA2-C29C-4908-9D21-5C8A5636236D}.Release|Win32.ActiveCfg = Release|Win32
		{852A5EA2-C29C-4908-9D21-5C8A5636236D}.Release|Win32.Build.0 = Release|Win32
		{852A5EA2-C29C-4908-9D21-5C8A5636236D}.MinSizeRel|Win32.ActiveCfg = MinSizeRel|Win32
		{852A5EA2-C29C-4908-9D21-5C8A5636236D}.MinSizeRel|Win32.Build.0 = MinSizeRel|Win32
		{852A5EA2-C29C-4908-9D21-5C8A5636236D}.RelWithDebInfo|Win32.ActiveCfg = RelWithDebInfo|Win32
		{852A5EA2-C29C-4908-9D21-5C8A5636236D}.RelWithDebInfo|Win32.Build.0 = RelWithDebInfo|Win32
		{B92F8BAB-9B24-4A9B-8869-AD0E36F00388}.Debug|Win32.ActiveCfg = Debug|Win32
		{B92F8BAB-9B24-4A9B-8869-AD0E36F00388}.Debug|Win32.Build.0 = Debug|Win32
		{B92F8BAB-9B24-4A9B-8869-AD0E36F00388}.Release|Win32.ActiveCfg = Release|Win32
		{B92F8BAB-9B24-4A9B-8869-AD0E36F00388}.Release|Win32.Build.0 = Release|Win32
		{B92F8BAB-9B24-4A9B-8869-AD0E36F00388}.MinSizeRel|Win32.ActiveCfg = MinSizeRel|Win32
		{B92F8BAB-9B24-4A9B-8869-AD0E36F00388}.MinSizeRel|Win32.Build.0 = MinSizeRel|Win32
		{B92F8BAB-9B24-4A9B-8869-AD0E36F00388}.RelWithDebInfo|Win32.ActiveCfg = RelWithDebInfo|Win32
		{B92F8BAB-9B24-4A9B-8869-AD0E36F00388}.RelWithDebInfo|Win32.Build.0 = RelWithDebInfo|Win32
		{F5162E15-DADF-4D02-B836-B3403EDB5BBF}.Debug|Win32.ActiveCfg = Debug|Win32
		{F5162E15-DADF-4D02-B836-B3403EDB5BBF}.Debug|Win32.Build.0 = Debug|Win32
		{F5162E15-DADF-4D02-B836-B3403EDB5BBF}.Release|Win32.ActiveCfg = Release|Win32
		{F5162E15-DADF-4D02-B836-B3403EDB5BBF}.Release|Win32.Build.0 = Release|Win32
		{F5162E15-DADF-4D02-B836-B3403EDB5BBF}.MinSizeRel|Win32.ActiveCfg = MinSizeRel|Win32
		{F5162E15-DADF-4D02-B836-B3403EDB5BBF}.MinSizeRel|Win32.Build.0 = MinSizeRel|Win32
		{F5162E15-DADF-4D02-B836-B3403EDB5BBF}.RelWithDebInfo|Win32.ActiveCfg = RelWithDebInfo|Win32
		{F5162E15-DADF-4D02-B836-B3403EDB5BBF}.RelWithDebInfo|Win32.Build.0 = RelWithDebInfo|Win32
		{4EECB23D-B083-41E9-8021-C778EC9C5089}.Debug|Win32.ActiveCfg = Debug|Win32
		{4EECB23D-B083-41E9-8021-C778EC9C5089}.Debug|Win32.Build.0 = Debug|Win32
		{4EECB23D-B083-41E9-8021-C778EC9C5089}.Release|Win32.ActiveCfg = Release|Win32
		{4EECB23D-B083-41E9-8021-C778EC9C5089}.Release|Win32.Build.0 = Release|Win32
		{4EECB23D-B083-41E9-8021-C778EC9C5089}.MinSizeRel|Win32.ActiveCfg = MinSizeRel|Win32
		{4EECB23D-B083-41E9-8021-C778EC9C5089}.MinSizeRel|Win32.Build.0 = MinSizeRel|Win32
		{4EECB23D-B083-41E9-8021-C778EC9C5089}.RelWithDebInfo|Win32.ActiveCfg = RelWithDebInfo|Win32
		{4EECB23D-B083-41E9-8021-C778EC9C5089}.RelWithDebInfo|Win32.Build.0 = RelWithDebInfo|Win32
		{1FE2877E-1EAA-4F20-9A27-DE56D087BA15}.Debug|Win32.ActiveCfg = Debug|Win32
		{1FE2877E-1EAA-4F20-9A27-DE56D087BA15}.Debug|Win32.Build.0 = Debug|Win32
		{1FE2877E-1EAA-4F20-9A27-DE56D087BA15}.Release|Win32.ActiveCfg = Release|Win32
		{1FE2877E-1EAA-4F20-9A27-DE56D087BA15}.Release|Win32.Build.0 = Release|Win32
		{1FE2877E-1EAA-4F20-9A27-DE56D087BA15}.MinSizeRel|Win32.ActiveCfg = MinSizeRel|Win32
		{1FE2877E-1EAA-4F20-9A27-DE56D087BA15}.MinSizeRel|Win32.Build.0 = MinSizeRel|Win32
		{1FE2877E-1EAA-4F20-9A27-DE56D087BA15}.RelWithDebInfo|Win32.ActiveCfg = RelWithDebInfo|Win32
		{1FE2877E-1EAA-4F20-9A27-DE56D087BA15}.RelWithDebInfo|Win32.Build.0 = RelWithDebInfo|Win32
		{D9386477-D6A8-4BF6-90C2-8C24F360AB0F}.Debug|Win32.ActiveCfg = Debug|Win32
		{D9386477-D6A8-4BF6-90C2-8C24F360AB0F}.Debug|Win32.Build.0 = Debug|Win32
		{D9386477-D6A8-4BF6-90C2-8C24F360AB0F}.Release|Win32.ActiveCfg = Release|Win32
		{D9386477-D6A8-4BF6-90C2-8C24F360AB0F}.Release|Win32.Build.0 = Release|Win32
		{D9386477-D6A8-4BF6-90C2-8C24F360AB0F}.MinSizeRel|Win32.ActiveCfg = MinSizeRel|Win32
		{D9386477-D6A8-4BF6-90C2-8C24F360AB0F}.MinSizeRel|Win32.Build.0 = MinSizeRel|Win32
		{D9386477-D6A8-4BF6-90C2-8C24F360AB0F}.RelWithDebInfo|Win32.ActiveCfg = RelWithDebInfo|Win32
		{D9386477-D6A8-4BF6-90C2-8C24F360AB0F}.RelWithDebInfo|Win32.Build.0 = RelWithDebInfo|Win32
		{EEA98B0D-D0F5-4ACA-B6F9-09841F64CE01}.Debug|Win32.ActiveCfg = Debug|Win32
		{EEA98B0D-D0F5-4ACA-B6F9-09841F64CE01}.Debug|Win32.Build.0 = Debug|Win32
		{EEA98B0D-D0F5-4ACA-B6F9-09841F64CE01}.Release|Win32.ActiveCfg = Release|Win32
		{EEA98B0D-D0F5-4ACA-B6F9-09841F64CE01}.Release|Win32.Build.0 = Release|Win32
		{EEA98B0D-D0F5-4ACA-B6F9-09841F64CE01}.MinSizeRel|Win32.ActiveCfg = MinSizeRel|Win32
		{EEA98B0D-D0F5-4ACA-B6F9-09841F64CE01}.MinSizeRel|Win32.Build.0 = MinSizeRel|Win32
		{EEA98B0D-D0F5-4ACA-B6F9-09841F64CE01}.RelWithDebInfo|Win32.ActiveCfg = RelWithDebInfo|Win32
		{EEA98B0D-D0F5-4ACA-B6F9-09841F64CE01}.RelWithDebInfo|Win32.Build.0 = RelWithDebInfo|Win32
	EndGlobalSection
	GlobalSection(ExtensibilityGlobals) = postSolution
	EndGlobalSection
	GlobalSection(ExtensibilityAddIns) = postSolution
	EndGlobalSection
EndGlobal
